// !$*UTF8*$!
{
	archiveVersion = 1;
	classes = {
	};
	objectVersion = 46;
	objects = {

/* Begin PBXBuildFile section */
		9A238F981AE40E9700F69995 /* RandomNumber.m in Sources */ = {isa = PBXBuildFile; fileRef = 9A238F971AE40E9700F69995 /* RandomNumber.m */; };
		9A2483281AE660C000AC6148 /* rootViewController.m in Sources */ = {isa = PBXBuildFile; fileRef = 9A2483271AE660C000AC6148 /* rootViewController.m */; };
		9A24832B1AE6AEFB00AC6148 /* SettingViewController.m in Sources */ = {isa = PBXBuildFile; fileRef = 9A24832A1AE6AEFB00AC6148 /* SettingViewController.m */; };
		9A24832D1AE77DDF00AC6148 /* background.jpg in Resources */ = {isa = PBXBuildFile; fileRef = 9A24832C1AE77DDF00AC6148 /* background.jpg */; };
		9A406F311AE790C100ABFDFF /* Users.plist in Resources */ = {isa = PBXBuildFile; fileRef = 9A406F301AE790C100ABFDFF /* Users.plist */; };
		9A8AFF721AE79B2700673F2B /* listViewController.m in Sources */ = {isa = PBXBuildFile; fileRef = 9A8AFF711AE79B2700673F2B /* listViewController.m */; };
		9A9729CB1AE21B2E001A76E2 /* main.m in Sources */ = {isa = PBXBuildFile; fileRef = 9A9729CA1AE21B2E001A76E2 /* main.m */; };
		9A9729CE1AE21B2E001A76E2 /* AppDelegate.m in Sources */ = {isa = PBXBuildFile; fileRef = 9A9729CD1AE21B2E001A76E2 /* AppDelegate.m */; };
		9A9729D11AE21B2E001A76E2 /* trianingViewController.m in Sources */ = {isa = PBXBuildFile; fileRef = 9A9729D01AE21B2E001A76E2 /* trianingViewController.m */; };
		9A9729D41AE21B2E001A76E2 /* Main.storyboard in Resources */ = {isa = PBXBuildFile; fileRef = 9A9729D21AE21B2E001A76E2 /* Main.storyboard */; };
		9A9729D61AE21B2E001A76E2 /* Images.xcassets in Resources */ = {isa = PBXBuildFile; fileRef = 9A9729D51AE21B2E001A76E2 /* Images.xcassets */; };
		9A9729D91AE21B2E001A76E2 /* LaunchScreen.xib in Resources */ = {isa = PBXBuildFile; fileRef = 9A9729D71AE21B2E001A76E2 /* LaunchScreen.xib */; };
		9A9729E51AE21B2E001A76E2 /* AttentionTrainingTests.m in Sources */ = {isa = PBXBuildFile; fileRef = 9A9729E41AE21B2E001A76E2 /* AttentionTrainingTests.m */; };
		9AB29C071AE956A4003182A2 /* background.jpg in Resources */ = {isa = PBXBuildFile; fileRef = 9AB29C061AE956A4003182A2 /* background.jpg */; };
/* End PBXBuildFile section */

/* Begin PBXContainerItemProxy section */
		9A9729DF1AE21B2E001A76E2 /* PBXContainerItemProxy */ = {
			isa = PBXContainerItemProxy;
			containerPortal = 9A9729BD1AE21B2E001A76E2 /* Project object */;
			proxyType = 1;
			remoteGlobalIDString = 9A9729C41AE21B2E001A76E2;
			remoteInfo = AttentionTraining;
		};
/* End PBXContainerItemProxy section */

/* Begin PBXFileReference section */
		9A238F961AE40E9700F69995 /* RandomNumber.h */ = {isa = PBXFileReference; fileEncoding = 4; lastKnownFileType = sourcecode.c.h; path = RandomNumber.h; sourceTree = "<group>"; };
		9A238F971AE40E9700F69995 /* RandomNumber.m */ = {isa = PBXFileReference; fileEncoding = 4; lastKnownFileType = sourcecode.c.objc; path = RandomNumber.m; sourceTree = "<group>"; };
		9A2483261AE660C000AC6148 /* rootViewController.h */ = {isa = PBXFileReference; fileEncoding = 4; lastKnownFileType = sourcecode.c.h; path = rootViewController.h; sourceTree = "<group>"; };
		9A2483271AE660C000AC6148 /* rootViewController.m */ = {isa = PBXFileReference; fileEncoding = 4; lastKnownFileType = sourcecode.c.objc; path = rootViewController.m; sourceTree = "<group>"; };
		9A2483291AE6AEFB00AC6148 /* SettingViewController.h */ = {isa = PBXFileReference; fileEncoding = 4; lastKnownFileType = sourcecode.c.h; path = SettingViewController.h; sourceTree = "<group>"; };
		9A24832A1AE6AEFB00AC6148 /* SettingViewController.m */ = {isa = PBXFileReference; fileEncoding = 4; lastKnownFileType = sourcecode.c.objc; path = SettingViewController.m; sourceTree = "<group>"; };
		9A24832C1AE77DDF00AC6148 /* background.jpg */ = {isa = PBXFileReference; lastKnownFileType = image.jpeg; path = background.jpg; sourceTree = "<group>"; };
		9A406F301AE790C100ABFDFF /* Users.plist */ = {isa = PBXFileReference; fileEncoding = 4; lastKnownFileType = text.plist.xml; path = Users.plist; sourceTree = "<group>"; };
		9A8AFF701AE79B2700673F2B /* listViewController.h */ = {isa = PBXFileReference; fileEncoding = 4; lastKnownFileType = sourcecode.c.h; path = listViewController.h; sourceTree = "<group>"; };
		9A8AFF711AE79B2700673F2B /* listViewController.m */ = {isa = PBXFileReference; fileEncoding = 4; lastKnownFileType = sourcecode.c.objc; path = listViewController.m; sourceTree = "<group>"; };
		9A9729C51AE21B2E001A76E2 /* AttentionTraining.app */ = {isa = PBXFileReference; explicitFileType = wrapper.application; includeInIndex = 0; path = AttentionTraining.app; sourceTree = BUILT_PRODUCTS_DIR; };
		9A9729C91AE21B2E001A76E2 /* Info.plist */ = {isa = PBXFileReference; lastKnownFileType = text.plist.xml; path = Info.plist; sourceTree = "<group>"; };
		9A9729CA1AE21B2E001A76E2 /* main.m */ = {isa = PBXFileReference; lastKnownFileType = sourcecode.c.objc; path = main.m; sourceTree = "<group>"; };
		9A9729CC1AE21B2E001A76E2 /* AppDelegate.h */ = {isa = PBXFileReference; lastKnownFileType = sourcecode.c.h; path = AppDelegate.h; sourceTree = "<group>"; };
		9A9729CD1AE21B2E001A76E2 /* AppDelegate.m */ = {isa = PBXFileReference; lastKnownFileType = sourcecode.c.objc; path = AppDelegate.m; sourceTree = "<group>"; };
		9A9729CF1AE21B2E001A76E2 /* trianingViewController.h */ = {isa = PBXFileReference; lastKnownFileType = sourcecode.c.h; path = trianingViewController.h; sourceTree = "<group>"; };
		9A9729D01AE21B2E001A76E2 /* trianingViewController.m */ = {isa = PBXFileReference; lastKnownFileType = sourcecode.c.objc; path = trianingViewController.m; sourceTree = "<group>"; };
		9A9729D31AE21B2E001A76E2 /* Base */ = {isa = PBXFileReference; lastKnownFileType = file.storyboard; name = Base; path = Base.lproj/Main.storyboard; sourceTree = "<group>"; };
		9A9729D51AE21B2E001A76E2 /* Images.xcassets */ = {isa = PBXFileReference; lastKnownFileType = folder.assetcatalog; path = Images.xcassets; sourceTree = "<group>"; };
		9A9729D81AE21B2E001A76E2 /* Base */ = {isa = PBXFileReference; lastKnownFileType = file.xib; name = Base; path = Base.lproj/LaunchScreen.xib; sourceTree = "<group>"; };
		9A9729DE1AE21B2E001A76E2 /* AttentionTrainingTests.xctest */ = {isa = PBXFileReference; explicitFileType = wrapper.cfbundle; includeInIndex = 0; path = AttentionTrainingTests.xctest; sourceTree = BUILT_PRODUCTS_DIR; };
		9A9729E31AE21B2E001A76E2 /* Info.plist */ = {isa = PBXFileReference; lastKnownFileType = text.plist.xml; path = Info.plist; sourceTree = "<group>"; };
		9A9729E41AE21B2E001A76E2 /* AttentionTrainingTests.m */ = {isa = PBXFileReference; lastKnownFileType = sourcecode.c.objc; path = AttentionTrainingTests.m; sourceTree = "<group>"; };
		9AB29C061AE956A4003182A2 /* background.jpg */ = {isa = PBXFileReference; lastKnownFileType = image.jpeg; path = background.jpg; sourceTree = "<group>"; };
/* End PBXFileReference section */

/* Begin PBXFrameworksBuildPhase section */
		9A9729C21AE21B2E001A76E2 /* Frameworks */ = {
			isa = PBXFrameworksBuildPhase;
			buildActionMask = 2147483647;
			files = (
			);
			runOnlyForDeploymentPostprocessing = 0;
		};
		9A9729DB1AE21B2E001A76E2 /* Frameworks */ = {
			isa = PBXFrameworksBuildPhase;
			buildActionMask = 2147483647;
			files = (
			);
			runOnlyForDeploymentPostprocessing = 0;
		};
/* End PBXFrameworksBuildPhase section */

/* Begin PBXGroup section */
		9A9729BC1AE21B2E001A76E2 = {
			isa = PBXGroup;
			children = (
				9A9729C71AE21B2E001A76E2 /* AttentionTraining */,
				9A9729E11AE21B2E001A76E2 /* AttentionTrainingTests */,
				9A9729C61AE21B2E001A76E2 /* Products */,
			);
			sourceTree = "<group>";
		};
		9A9729C61AE21B2E001A76E2 /* Products */ = {
			isa = PBXGroup;
			children = (
				9A9729C51AE21B2E001A76E2 /* AttentionTraining.app */,
				9A9729DE1AE21B2E001A76E2 /* AttentionTrainingTests.xctest */,
			);
			name = Products;
			sourceTree = "<group>";
		};
		9A9729C71AE21B2E001A76E2 /* AttentionTraining */ = {
			isa = PBXGroup;
			children = (
				9AB29C061AE956A4003182A2 /* background.jpg */,
				9A9729CC1AE21B2E001A76E2 /* AppDelegate.h */,
				9A9729CD1AE21B2E001A76E2 /* AppDelegate.m */,
				9A9729CF1AE21B2E001A76E2 /* trianingViewController.h */,
				9A9729D01AE21B2E001A76E2 /* trianingViewController.m */,
				9A2483261AE660C000AC6148 /* rootViewController.h */,
				9A2483271AE660C000AC6148 /* rootViewController.m */,
				9A8AFF701AE79B2700673F2B /* listViewController.h */,
				9A8AFF711AE79B2700673F2B /* listViewController.m */,
				9A2483291AE6AEFB00AC6148 /* SettingViewController.h */,
				9A24832A1AE6AEFB00AC6148 /* SettingViewController.m */,
				9A406F301AE790C100ABFDFF /* Users.plist */,
				9A24832C1AE77DDF00AC6148 /* background.jpg */,
				9A238F961AE40E9700F69995 /* RandomNumber.h */,
				9A238F971AE40E9700F69995 /* RandomNumber.m */,
				9A9729D21AE21B2E001A76E2 /* Main.storyboard */,
				9A9729D51AE21B2E001A76E2 /* Images.xcassets */,
				9A9729D71AE21B2E001A76E2 /* LaunchScreen.xib */,
				9A9729C81AE21B2E001A76E2 /* Supporting Files */,
			);
			path = AttentionTraining;
			sourceTree = "<group>";
		};
		9A9729C81AE21B2E001A76E2 /* Supporting Files */ = {
			isa = PBXGroup;
			children = (
				9A9729C91AE21B2E001A76E2 /* Info.plist */,
				9A9729CA1AE21B2E001A76E2 /* main.m */,
			);
			name = "Supporting Files";
			sourceTree = "<group>";
		};
		9A9729E11AE21B2E001A76E2 /* AttentionTrainingTests */ = {
			isa = PBXGroup;
			children = (
				9A9729E41AE21B2E001A76E2 /* AttentionTrainingTests.m */,
				9A9729E21AE21B2E001A76E2 /* Supporting Files */,
			);
			path = AttentionTrainingTests;
			sourceTree = "<group>";
		};
		9A9729E21AE21B2E001A76E2 /* Supporting Files */ = {
			isa = PBXGroup;
			children = (
				9A9729E31AE21B2E001A76E2 /* Info.plist */,
			);
			name = "Supporting Files";
			sourceTree = "<group>";
		};
/* End PBXGroup section */

/* Begin PBXNativeTarget section */
		9A9729C41AE21B2E001A76E2 /* AttentionTraining */ = {
			isa = PBXNativeTarget;
			buildConfigurationList = 9A9729E81AE21B2E001A76E2 /* Build configuration list for PBXNativeTarget "AttentionTraining" */;
			buildPhases = (
				9A9729C11AE21B2E001A76E2 /* Sources */,
				9A9729C21AE21B2E001A76E2 /* Frameworks */,
				9A9729C31AE21B2E001A76E2 /* Resources */,
			);
			buildRules = (
			);
			dependencies = (
			);
			name = AttentionTraining;
			productName = AttentionTraining;
			productReference = 9A9729C51AE21B2E001A76E2 /* AttentionTraining.app */;
			productType = "com.apple.product-type.application";
		};
		9A9729DD1AE21B2E001A76E2 /* AttentionTrainingTests */ = {
			isa = PBXNativeTarget;
			buildConfigurationList = 9A9729EB1AE21B2E001A76E2 /* Build configuration list for PBXNativeTarget "AttentionTrainingTests" */;
			buildPhases = (
				9A9729DA1AE21B2E001A76E2 /* Sources */,
				9A9729DB1AE21B2E001A76E2 /* Frameworks */,
				9A9729DC1AE21B2E001A76E2 /* Resources */,
			);
			buildRules = (
			);
			dependencies = (
				9A9729E01AE21B2E001A76E2 /* PBXTargetDependency */,
			);
			name = AttentionTrainingTests;
			productName = AttentionTrainingTests;
			productReference = 9A9729DE1AE21B2E001A76E2 /* AttentionTrainingTests.xctest */;
			productType = "com.apple.product-type.bundle.unit-test";
		};
/* End PBXNativeTarget section */

/* Begin PBXProject section */
		9A9729BD1AE21B2E001A76E2 /* Project object */ = {
			isa = PBXProject;
			attributes = {
				LastUpgradeCheck = 0630;
				ORGANIZATIONNAME = ZhouJiaming;
				TargetAttributes = {
					9A9729C41AE21B2E001A76E2 = {
						CreatedOnToolsVersion = 6.3;
					};
					9A9729DD1AE21B2E001A76E2 = {
						CreatedOnToolsVersion = 6.3;
						TestTargetID = 9A9729C41AE21B2E001A76E2;
					};
				};
			};
			buildConfigurationList = 9A9729C01AE21B2E001A76E2 /* Build configuration list for PBXProject "AttentionTraining" */;
			compatibilityVersion = "Xcode 3.2";
			developmentRegion = English;
			hasScannedForEncodings = 0;
			knownRegions = (
				en,
				Base,
			);
			mainGroup = 9A9729BC1AE21B2E001A76E2;
			productRefGroup = 9A9729C61AE21B2E001A76E2 /* Products */;
			projectDirPath = "";
			projectRoot = "";
			targets = (
				9A9729C41AE21B2E001A76E2 /* AttentionTraining */,
				9A9729DD1AE21B2E001A76E2 /* AttentionTrainingTests */,
			);
		};
/* End PBXProject section */

/* Begin PBXResourcesBuildPhase section */
		9A9729C31AE21B2E001A76E2 /* Resources */ = {
			isa = PBXResourcesBuildPhase;
			buildActionMask = 2147483647;
			files = (
				9A9729D41AE21B2E001A76E2 /* Main.storyboard in Resources */,
				9A9729D91AE21B2E001A76E2 /* LaunchScreen.xib in Resources */,
				9A9729D61AE21B2E001A76E2 /* Images.xcassets in Resources */,
				9AB29C071AE956A4003182A2 /* background.jpg in Resources */,
				9A406F311AE790C100ABFDFF /* Users.plist in Resources */,
				9A24832D1AE77DDF00AC6148 /* background.jpg in Resources */,
			);
			runOnlyForDeploymentPostprocessing = 0;
		};
		9A9729DC1AE21B2E001A76E2 /* Resources */ = {
			isa = PBXResourcesBuildPhase;
			buildActionMask = 2147483647;
			files = (
			);
			runOnlyForDeploymentPostprocessing = 0;
		};
/* End PBXResourcesBuildPhase section */

/* Begin PBXSourcesBuildPhase section */
		9A9729C11AE21B2E001A76E2 /* Sources */ = {
			isa = PBXSourcesBuildPhase;
			buildActionMask = 2147483647;
			files = (
				9A9729D11AE21B2E001A76E2 /* trianingViewController.m in Sources */,
				9A9729CE1AE21B2E001A76E2 /* AppDelegate.m in Sources */,
				9A9729CB1AE21B2E001A76E2 /* main.m in Sources */,
				9A2483281AE660C000AC6148 /* rootViewController.m in Sources */,
				9A238F981AE40E9700F69995 /* RandomNumber.m in Sources */,
				9A8AFF721AE79B2700673F2B /* listViewController.m in Sources */,
				9A24832B1AE6AEFB00AC6148 /* SettingViewController.m in Sources */,
			);
			runOnlyForDeploymentPostprocessing = 0;
		};
		9A9729DA1AE21B2E001A76E2 /* Sources */ = {
			isa = PBXSourcesBuildPhase;
			buildActionMask = 2147483647;
			files = (
				9A9729E51AE21B2E001A76E2 /* AttentionTrainingTests.m in Sources */,
			);
			runOnlyForDeploymentPostprocessing = 0;
		};
/* End PBXSourcesBuildPhase section */

/* Begin PBXTargetDependency section */
		9A9729E01AE21B2E001A76E2 /* PBXTargetDependency */ = {
			isa = PBXTargetDependency;
			target = 9A9729C41AE21B2E001A76E2 /* AttentionTraining */;
			targetProxy = 9A9729DF1AE21B2E001A76E2 /* PBXContainerItemProxy */;
		};
/* End PBXTargetDependency section */

/* Begin PBXVariantGroup section */
		9A9729D21AE21B2E001A76E2 /* Main.storyboard */ = {
			isa = PBXVariantGroup;
			children = (
				9A9729D31AE21B2E001A76E2 /* Base */,
			);
			name = Main.storyboard;
			sourceTree = "<group>";
		};
		9A9729D71AE21B2E001A76E2 /* LaunchScreen.xib */ = {
			isa = PBXVariantGroup;
			children = (
				9A9729D81AE21B2E001A76E2 /* Base */,
			);
			name = LaunchScreen.xib;
			sourceTree = "<group>";
		};
/* End PBXVariantGroup section */

/* Begin XCBuildConfiguration section */
		9A9729E61AE21B2E001A76E2 /* Debug */ = {
			isa = XCBuildConfiguration;
			buildSettings = {
				ALWAYS_SEARCH_USER_PATHS = NO;
				CLANG_CXX_LANGUAGE_STANDARD = "gnu++0x";
				CLANG_CXX_LIBRARY = "libc++";
				CLANG_ENABLE_MODULES = YES;
				CLANG_ENABLE_OBJC_ARC = YES;
				CLANG_WARN_BOOL_CONVERSION = YES;
				CLANG_WARN_CONSTANT_CONVERSION = YES;
				CLANG_WARN_DIRECT_OBJC_ISA_USAGE = YES_ERROR;
				CLANG_WARN_EMPTY_BODY = YES;
				CLANG_WARN_ENUM_CONVERSION = YES;
				CLANG_WARN_INT_CONVERSION = YES;
				CLANG_WARN_OBJC_ROOT_CLASS = YES_ERROR;
				CLANG_WARN_UNREACHABLE_CODE = YES;
				CLANG_WARN__DUPLICATE_METHOD_MATCH = YES;
				"CODE_SIGN_IDENTITY[sdk=iphoneos*]" = "iPhone Developer";
				COPY_PHASE_STRIP = NO;
				DEBUG_INFORMATION_FORMAT = "dwarf-with-dsym";
				ENABLE_STRICT_OBJC_MSGSEND = YES;
				GCC_C_LANGUAGE_STANDARD = gnu99;
				GCC_DYNAMIC_NO_PIC = NO;
				GCC_NO_COMMON_BLOCKS = YES;
				GCC_OPTIMIZATION_LEVEL = 0;
				GCC_PREPROCESSOR_DEFINITIONS = (
					"DEBUG=1",
					"$(inherited)",
				);
				GCC_SYMBOLS_PRIVATE_EXTERN = NO;
				GCC_WARN_64_TO_32_BIT_CONVERSION = YES;
				GCC_WARN_ABOUT_RETURN_TYPE = YES_ERROR;
				GCC_WARN_UNDECLARED_SELECTOR = YES;
				GCC_WARN_UNINITIALIZED_AUTOS = YES_AGGRESSIVE;
				GCC_WARN_UNUSED_FUNCTION = YES;
				GCC_WARN_UNUSED_VARIABLE = YES;
				IPHONEOS_DEPLOYMENT_TARGET = 8.3;
				MTL_ENABLE_DEBUG_INFO = YES;
				ONLY_ACTIVE_ARCH = YES;
				SDKROOT = iphoneos;
				TARGETED_DEVICE_FAMILY = "1,2";
			};
			name = Debug;
		};
		9A9729E71AE21B2E001A76E2 /* Release */ = {
			isa = XCBuildConfiguration;
			buildSettings = {
				ALWAYS_SEARCH_USER_PATHS = NO;
				CLANG_CXX_LANGUAGE_STANDARD = "gnu++0x";
				CLANG_CXX_LIBRARY = "libc++";
				CLANG_ENABLE_MODULES = YES;
				CLANG_ENABLE_OBJC_ARC = YES;
				CLANG_WARN_BOOL_CONVERSION = YES;
				CLANG_WARN_CONSTANT_CONVERSION = YES;
				CLANG_WARN_DIRECT_OBJC_ISA_USAGE = YES_ERROR;
				CLANG_WARN_EMPTY_BODY = YES;
				CLANG_WARN_ENUM_CONVERSION = YES;
				CLANG_WARN_INT_CONVERSION = YES;
				CLANG_WARN_OBJC_ROOT_CLASS = YES_ERROR;
				CLANG_WARN_UNREACHABLE_CODE = YES;
				CLANG_WARN__DUPLICATE_METHOD_MATCH = YES;
				"CODE_SIGN_IDENTITY[sdk=iphoneos*]" = "iPhone Developer";
				COPY_PHASE_STRIP = NO;
				DEBUG_INFORMATION_FORMAT = "dwarf-with-dsym";
				ENABLE_NS_ASSERTIONS = NO;
				ENABLE_STRICT_OBJC_MSGSEND = YES;
				GCC_C_LANGUAGE_STANDARD = gnu99;
				GCC_NO_COMMON_BLOCKS = YES;
				GCC_WARN_64_TO_32_BIT_CONVERSION = YES;
				GCC_WARN_ABOUT_RETURN_TYPE = YES_ERROR;
				GCC_WARN_UNDECLARED_SELECTOR = YES;
				GCC_WARN_UNINITIALIZED_AUTOS = YES_AGGRESSIVE;
				GCC_WARN_UNUSED_FUNCTION = YES;
				GCC_WARN_UNUSED_VARIABLE = YES;
				IPHONEOS_DEPLOYMENT_TARGET = 8.3;
				MTL_ENABLE_DEBUG_INFO = NO;
				SDKROOT = iphoneos;
				TARGETED_DEVICE_FAMILY = "1,2";
				VALIDATE_PRODUCT = YES;
			};
			name = Release;
		};
		9A9729E91AE21B2E001A76E2 /* Debug */ = {
			isa = XCBuildConfiguration;
			buildSettings = {
				ASSETCATALOG_COMPILER_APPICON_NAME = AppIcon;
				INFOPLIST_FILE = AttentionTraining/Info.plist;
				LD_RUNPATH_SEARCH_PATHS = "$(inherited) @executable_path/Frameworks";
				PRODUCT_NAME = "$(TARGET_NAME)";
			};
			name = Debug;
		};
		9A9729EA1AE21B2E001A76E2 /* Release */ = {
			isa = XCBuildConfiguration;
			buildSettings = {
				ASSETCATALOG_COMPILER_APPICON_NAME = AppIcon;
				INFOPLIST_FILE = AttentionTraining/Info.plist;
				LD_RUNPATH_SEARCH_PATHS = "$(inherited) @executable_path/Frameworks";
				PRODUCT_NAME = "$(TARGET_NAME)";
			};
			name = Release;
		};
		9A9729EC1AE21B2E001A76E2 /* Debug */ = {
			isa = XCBuildConfiguration;
			buildSettings = {
				BUNDLE_LOADER = "$(TEST_HOST)";
				FRAMEWORK_SEARCH_PATHS = (
					"$(SDKROOT)/Developer/Library/Frameworks",
					"$(inherited)",
				);
				GCC_PREPROCESSOR_DEFINITIONS = (
					"DEBUG=1",
					"$(inherited)",
				);
				INFOPLIST_FILE = AttentionTrainingTests/Info.plist;
				LD_RUNPATH_SEARCH_PATHS = "$(inherited) @executable_path/Frameworks @loader_path/Frameworks";
				PRODUCT_NAME = "$(TARGET_NAME)";
				TEST_HOST = "$(BUILT_PRODUCTS_DIR)/AttentionTraining.app/AttentionTraining";
			};
			name = Debug;
		};
		9A9729ED1AE21B2E001A76E2 /* Release */ = {
			isa = XCBuildConfiguration;
			buildSettings = {
				BUNDLE_LOADER = "$(TEST_HOST)";
				FRAMEWORK_SEARCH_PATHS = (
					"$(SDKROOT)/Developer/Library/Frameworks",
					"$(inherited)",
				);
				INFOPLIST_FILE = AttentionTrainingTests/Info.plist;
				LD_RUNPATH_SEARCH_PATHS = "$(inherited) @executable_path/Frameworks @loader_path/Frameworks";
				PRODUCT_NAME = "$(TARGET_NAME)";
				TEST_HOST = "$(BUILT_PRODUCTS_DIR)/AttentionTraining.app/AttentionTraining";
			};
			name = Release;
		};
/* End XCBuildConfiguration section */

/* Begin XCConfigurationList section */
		9A9729C01AE21B2E001A76E2 /* Build configuration list for PBXProject "AttentionTraining" */ = {
			isa = XCConfigurationList;
			buildConfigurations = (
				9A9729E61AE21B2E001A76E2 /* Debug */,
				9A9729E71AE21B2E001A76E2 /* Release */,
			);
			defaultConfigurationIsVisible = 0;
			defaultConfigurationName = Release;
		};
		9A9729E81AE21B2E001A76E2 /* Build configuration list for PBXNativeTarget "AttentionTraining" */ = {
			isa = XCConfigurationList;
			buildConfigurations = (
				9A9729E91AE21B2E001A76E2 /* Debug */,
				9A9729EA1AE21B2E001A76E2 /* Release */,
			);
			defaultConfigurationIsVisible = 0;
			defaultConfigurationName = Release;
		};
		9A9729EB1AE21B2E001A76E2 /* Build configuration list for PBXNativeTarget "AttentionTrainingTests" */ = {
			isa = XCConfigurationList;
			buildConfigurations = (
				9A9729EC1AE21B2E001A76E2 /* Debug */,
				9A9729ED1AE21B2E001A76E2 /* Release */,
			);
			defaultConfigurationIsVisible = 0;
			defaultConfigurationName = Release;
		};
/* End XCConfigurationList section */
	};
	rootObject = 9A9729BD1AE21B2E001A76E2 /* Project object */;
}
